
Microsoft Visual Studio Solution File, Format Version 12.00
# Visual Studio Version 17
VisualStudioVersion = 17.5.33516.290
MinimumVisualStudioVersion = 10.0.40219.1
Project("{FAE04EC0-301F-11D3-BF4B-00C04F79EFBC}") = "FINAL", "FINAL\FINAL.csproj", "{D1EB6E58-868E-43D2-9DBF-A44B831EEDED}"
EndProject
Global
	GlobalSection(SolutionConfigurationPlatforms) = preSolution
		Debug|Any CPU = Debug|Any CPU
		Release|Any CPU = Release|Any CPU
	EndGlobalSection
	GlobalSection(ProjectConfigurationPlatforms) = postSolution
		{D1EB6E58-868E-43D2-9DBF-A44B831EEDED}.Debug|Any CPU.ActiveCfg = Debug|Any CPU
		{D1EB6E58-868E-43D2-9DBF-A44B831EEDED}.Debug|Any CPU.Build.0 = Debug|Any CPU
		{D1EB6E58-868E-43D2-9DBF-A44B831EEDED}.Release|Any CPU.ActiveCfg = Release|Any CPU
		{D1EB6E58-868E-43D2-9DBF-A44B831EEDED}.Release|Any CPU.Build.0 = Release|Any CPU
	EndGlobalSection
	GlobalSection(SolutionProperties) = preSolution
		HideSolutionNode = FALSE
	EndGlobalSection
	GlobalSection(ExtensibilityGlobals) = postSolution
		SolutionGuid = {3ADF2D6F-F287-4DB9-A19F-503B4687A108}
	EndGlobalSection
EndGlobal
